
Microsoft Visual Studio Solution File, Format Version 12.00
# Visual Studio 2012
Project("{FAE04EC0-301F-11D3-BF4B-00C04F79EFBC}") = "Tokenizer", "Tokenizer\Tokenizer.Net35.csproj", "{84646AE1-9D18-4E43-95A6-0BDD204A5D67}"
EndProject
Project("{FAE04EC0-301F-11D3-BF4B-00C04F79EFBC}") = "Tokenizer.Tests", "Tokenizer.Tests\Tokenizer.Tests.Net35.csproj", "{FDE2BD45-D224-47C7-A04D-37C0D6D882C4}"
EndProject
Global
	GlobalSection(SolutionConfigurationPlatforms) = preSolution
		Debug|Any CPU = Debug|Any CPU
		Release|Any CPU = Release|Any CPU
	EndGlobalSection
	GlobalSection(ProjectConfigurationPlatforms) = postSolution
		{84646AE1-9D18-4E43-95A6-0BDD204A5D67}.Debug|Any CPU.ActiveCfg = Debug|Any CPU
		{84646AE1-9D18-4E43-95A6-0BDD204A5D67}.Debug|Any CPU.Build.0 = Debug|Any CPU
		{84646AE1-9D18-4E43-95A6-0BDD204A5D67}.Release|Any CPU.ActiveCfg = Release|Any CPU
		{84646AE1-9D18-4E43-95A6-0BDD204A5D67}.Release|Any CPU.Build.0 = Release|Any CPU
		{FDE2BD45-D224-47C7-A04D-37C0D6D882C4}.Debug|Any CPU.ActiveCfg = Debug|Any CPU
		{FDE2BD45-D224-47C7-A04D-37C0D6D882C4}.Debug|Any CPU.Build.0 = Debug|Any CPU
		{FDE2BD45-D224-47C7-A04D-37C0D6D882C4}.Release|Any CPU.ActiveCfg = Release|Any CPU
		{FDE2BD45-D224-47C7-A04D-37C0D6D882C4}.Release|Any CPU.Build.0 = Release|Any CPU
	EndGlobalSection
	GlobalSection(SolutionProperties) = preSolution
		HideSolutionNode = FALSE
	EndGlobalSection
EndGlobal
